
Microsoft Visual Studio Solution File, Format Version 12.00
# Visual Studio Version 16
VisualStudioVersion = 16.0.29613.14
MinimumVisualStudioVersion = 10.0.40219.1
Project("{888888A0-9F3D-457C-B088-3A5042F75D52}") = "Dividend Collector", "Dividend Collector.pyproj", "{3340194E-1913-4CCB-991A-9E85BDD9F62E}"
EndProject
Global
	GlobalSection(SolutionConfigurationPlatforms) = preSolution
		Debug|Any CPU = Debug|Any CPU
		Release|Any CPU = Release|Any CPU
	EndGlobalSection
	GlobalSection(ProjectConfigurationPlatforms) = postSolution
		{3340194E-1913-4CCB-991A-9E85BDD9F62E}.Debug|Any CPU.ActiveCfg = Debug|Any CPU
		{3340194E-1913-4CCB-991A-9E85BDD9F62E}.Release|Any CPU.ActiveCfg = Release|Any CPU
	EndGlobalSection
	GlobalSection(SolutionProperties) = preSolution
		HideSolutionNode = FALSE
	EndGlobalSection
	GlobalSection(ExtensibilityGlobals) = postSolution
		SolutionGuid = {10E830B7-4F62-45E1-8A55-BE7391E963ED}
	EndGlobalSection
EndGlobal
